
Microsoft Visual Studio Solution File, Format Version 12.00
# Visual Studio Version 16
VisualStudioVersion = 16.0.37301.9
MinimumVisualStudioVersion = 10.0.40219.1
Project("{8BC9CEB8-8B4A-11D0-8D11-00A0C91BC942}") = "Pointers to Functions", "Pointers to Functions\Pointers to Functions.vcxproj", "{FDCD9139-8E7F-489A-BEBC-55BE1577E919}"
EndProject
Project("{8BC9CEB8-8B4A-11D0-8D11-00A0C91BC942}") = "Pointers to Functions 2", "Pointers to Functions 2\Pointers to Functions 2.vcxproj", "{35416CA1-49F6-4F1C-A06D-1F625E65490A}"
EndProject
Project("{8BC9CEB8-8B4A-11D0-8D11-00A0C91BC942}") = "Pointers to Functions 3", "Pointers to Functions 3\Pointers to Functions 3.vcxproj", "{BB344D00-5B75-4156-9988-5CFE4606A496}"
EndProject
Project("{8BC9CEB8-8B4A-11D0-8D11-00A0C91BC942}") = "Pointers to Functions 4", "Pointers to Functions 4\Pointers to Functions 4.vcxproj", "{CC036728-7D78-45AF-9D17-642BDF3E4EA3}"
EndProject
Global
	GlobalSection(SolutionConfigurationPlatforms) = preSolution
		Debug|x64 = Debug|x64
		Debug|x86 = Debug|x86
		Release|x64 = Release|x64
		Release|x86 = Release|x86
	EndGlobalSection
	GlobalSection(ProjectConfigurationPlatforms) = postSolution
		{FDCD9139-8E7F-489A-BEBC-55BE1577E919}.Debug|x64.ActiveCfg = Debug|x64
		{FDCD9139-8E7F-489A-BEBC-55BE1577E919}.Debug|x64.Build.0 = Debug|x64
		{FDCD9139-8E7F-489A-BEBC-55BE1577E919}.Debug|x86.ActiveCfg = Debug|Win32
		{FDCD9139-8E7F-489A-BEBC-55BE1577E919}.Debug|x86.Build.0 = Debug|Win32
		{FDCD9139-8E7F-489A-BEBC-55BE1577E919}.Release|x64.ActiveCfg = Release|x64
		{FDCD9139-8E7F-489A-BEBC-55BE1577E919}.Release|x64.Build.0 = Release|x64
		{FDCD9139-8E7F-489A-BEBC-55BE1577E919}.Release|x86.ActiveCfg = Release|Win32
		{FDCD9139-8E7F-489A-BEBC-55BE1577E919}.Release|x86.Build.0 = Release|Win32
		{35416CA1-49F6-4F1C-A06D-1F625E65490A}.Debug|x64.ActiveCfg = Debug|x64
		{35416CA1-49F6-4F1C-A06D-1F625E65490A}.Debug|x64.Build.0 = Debug|x64
		{35416CA1-49F6-4F1C-A06D-1F625E65490A}.Debug|x86.ActiveCfg = Debug|Win32
		{35416CA1-49F6-4F1C-A06D-1F625E65490A}.Debug|x86.Build.0 = Debug|Win32
		{35416CA1-49F6-4F1C-A06D-1F625E65490A}.Release|x64.ActiveCfg = Release|x64
		{35416CA1-49F6-4F1C-A06D-1F625E65490A}.Release|x64.Build.0 = Release|x64
		{35416CA1-49F6-4F1C-A06D-1F625E65490A}.Release|x86.ActiveCfg = Release|Win32
		{35416CA1-49F6-4F1C-A06D-1F625E65490A}.Release|x86.Build.0 = Release|Win32
		{BB344D00-5B75-4156-9988-5CFE4606A496}.Debug|x64.ActiveCfg = Debug|x64
		{BB344D00-5B75-4156-9988-5CFE4606A496}.Debug|x64.Build.0 = Debug|x64
		{BB344D00-5B75-4156-9988-5CFE4606A496}.Debug|x86.ActiveCfg = Debug|Win32
		{BB344D00-5B75-4156-9988-5CFE4606A496}.Debug|x86.Build.0 = Debug|Win32
		{BB344D00-5B75-4156-9988-5CFE4606A496}.Release|x64.ActiveCfg = Release|x64
		{BB344D00-5B75-4156-9988-5CFE4606A496}.Release|x64.Build.0 = Release|x64
		{BB344D00-5B75-4156-9988-5CFE4606A496}.Release|x86.ActiveCfg = Release|Win32
		{BB344D00-5B75-4156-9988-5CFE4606A496}.Release|x86.Build.0 = Release|Win32
		{CC036728-7D78-45AF-9D17-642BDF3E4EA3}.Debug|x64.ActiveCfg = Debug|x64
		{CC036728-7D78-45AF-9D17-642BDF3E4EA3}.Debug|x64.Build.0 = Debug|x64
		{CC036728-7D78-45AF-9D17-642BDF3E4EA3}.Debug|x86.ActiveCfg = Debug|Win32
		{CC036728-7D78-45AF-9D17-642BDF3E4EA3}.Debug|x86.Build.0 = Debug|Win32
		{CC036728-7D78-45AF-9D17-642BDF3E4EA3}.Release|x64.ActiveCfg = Release|x64
		{CC036728-7D78-45AF-9D17-642BDF3E4EA3}.Release|x64.Build.0 = Release|x64
		{CC036728-7D78-45AF-9D17-642BDF3E4EA3}.Release|x86.ActiveCfg = Release|Win32
		{CC036728-7D78-45AF-9D17-642BDF3E4EA3}.Release|x86.Build.0 = Release|Win32
	EndGlobalSection
	GlobalSection(SolutionProperties) = preSolution
		HideSolutionNode = FALSE
	EndGlobalSection
	GlobalSection(ExtensibilityGlobals) = postSolution
		SolutionGuid = {664DD2C1-3E4D-41EC-A975-13A1946B2336}
	EndGlobalSection
EndGlobal
